github.com/SaveTheRbtz/mph v0.1.2 h1:5l3W496Up+7BNOVJQnJhzcGBh+wWfxWdmPUAkx3WmaM=
github.com/SaveTheRbtz/mph v0.1.2/go.mod h1:V4+WtKQPe2+dEA5os1WnGsEB0NR9qgqqgIiSt73+sT4=
github.com/aelaguiz/mph v0.0.0-20250402012813-21e28ac1cef5 h1:VVVxpStuJHHjrKS8DbrUp02f0Uj0ifKFEOXfMWxXRLo=
github.com/aelaguiz/mph v0.0.0-20250402012813-21e28ac1cef5/go.mod h1:ikC0AneU0EK45LDXHfbZ2cAbanI8n5f6wYmfFft2ZdU=
github.com/alecthomas/unsafeslice v0.2.0 h1:iCDDpbohRZvgciXn5jkrpDCKv8fYu66+RivRhe6remQ=
github.com/alecthomas/unsafeslice v0.2.0/go.mod h1:H7s9N0gAbfiwu02rQEexZbN/YMxm+2l3rVRa/zE2DM8=
github.com/davecgh/go-spew v1.1.0/go.mod h1:J7Y8YcW2NihsgmVo/mv3lAwl/skON4iLHjSsI+c5H38=
github.com/davecgh/go-spew v1.1.1 h1:vj9j/u1bqnvCEfJOwUhtlOARqs3+rkHYY13jYWTU97c=
github.com/davecgh/go-spew v1.1.1/go.mod h1:J7Y8YcW2NihsgmVo/mv3lAwl/skON4iLHjSsI+c5H38=
github.com/dchest/siphash v1.2.1 h1:4cLinnzVJDKxTCl9B01807Yiy+W7ZzVHj/KIroQRvT4=
github.com/dchest/siphash v1.2.1/go.mod h1:q+IRvb2gOSrUnYoPqHiyHXS0FOBBOdl6tONBlVnOnt4=
github.com/dgryski/go-boomphf v0.0.0-20200306001805-f845e3dbcc25 h1:IvNwWxHpi+L8sX29tuJ23EzG7ws+NcMKpOOUoLxtX6s=
github.com/dgryski/go-boomphf v0.0.0-20200306001805-f845e3dbcc25/go.mod h1:gYoxwYPDSSV5gxeCmnaiR4otaF0tp3cTNZaQyn395dM=
github.com/dgryski/go-radixsort v0.0.0-20160202071813-8410589e3f15 h1:ZxLdGR45cHdfqkM0huU0vETDePMr3O2X+j6KSXDelCs=
github.com/dgryski/go-radixsort v0.0.0-20160202071813-8410589e3f15/go.mod h1:YFj/OrZ1cAR4inzOi7/VeAaWJHvYbFI+Ec+F19+duKA=
github.com/dustin/go-humanize v1.0.1 h1:GzkhY7T5VNhEkwH0PVJgjz+fX1rhBrR7pRT3mDkpeCY=
github.com/dustin/go-humanize v1.0.1/go.mod h1:Mu1zIs6XwVuF/gI1OepvI0qD18qycQx+mFykh5fBlto=
github.com/google/go-cmp v0.7.0 h1:wk8382ETsv4JYUZwIsn6YpYiWiBsYLSJiTsyBybVuN8=
github.com/google/go-cmp v0.7.0/go.mod h1:pXiqmnSA92OHEEa9HXL2W4E7lf9JzCmGVUdgjX3N/iU=
github.com/gopherjs/gopherjs v1.17.2 h1:fQnZVsXk8uxXIStYb0N4bGk7jeyTalG/wsZjQ25dO0g=
github.com/gopherjs/gopherjs v1.17.2/go.mod h1:pRRIvn/QzFLrKfvEz3qUuEhtE/zLCWfreZ6J5gM2i+k=
github.com/hashicorp/go-immutable-radix v1.3.1 h1:DKHmCUm2hRBK510BaiZlwvpD40f8bJFeZnpfm2KLowc=
github.com/hashicorp/go-immutable-radix v1.3.1/go.mod h1:0y9vanUI8NX6FsYoO3zeMjhV/C5i9g4Q3DwcSNZ4P60=
github.com/hashicorp/go-uuid v1.0.0 h1:RS8zrF7PhGwyNPOtxSClXXj9HA8feRnJzgnI1RJCSnM=
github.com/hashicorp/go-uuid v1.0.0/go.mod h1:6SBZvOh/SIDV7/2o3Jml5SYk/TvGqwFJ/bN7x4byOro=
github.com/hashicorp/golang-lru v0.5.0 h1:CL2msUPvZTLb5O648aiLNJw3hnBxN2+1Jq8rCOH9wdo=
github.com/hashicorp/golang-lru v0.5.0/go.mod h1:/m3WP610KZHVQ1SGc6re/UDhFvYD7pJ4Ao+sR/qLZy8=
github.com/hillbig/rsdic v0.0.0-20150805052524-6158e7a2d824 h1:t71y5fcBE2nktZDXhTmPdZXrdFGBFAiHcOTTk0/+1to=
github.com/hillbig/rsdic v0.0.0-20150805052524-6158e7a2d824/go.mod h1:ivdNV4DsR3UB9xzoIPzw0OipHZf+I7VklGmx0jLkgwo=
github.com/jtolds/gls v4.20.0+incompatible h1:xdiiI2gbIgH/gLH7ADydsJ1uDOEzR8yvV7C0MuV77Wo=
github.com/jtolds/gls v4.20.0+incompatible/go.mod h1:QJZ7F/aHp+rZTRtaJ1ow/lLfFfVYBRgL+9YlvaHOwJU=
github.com/klauspost/cpuid/v2 v2.2.0 h1:4ZexSFt8agMNzNisrsilL6RClWDC5YJnLHNIfTy4iuc=
github.com/klauspost/cpuid/v2 v2.2.0/go.mod h1:RVVoqg1df56z8g3pUjL/3lE5UfnlrJX8tyFgg4nqhuY=
github.com/opencoff/go-bbhash v0.1.0 h1:DlC1WjeSFFnsBd2M17cEvCx0+6FKS221TitA2QE4tcQ=
github.com/opencoff/go-bbhash v0.1.0/go.mod h1:o93LfsUNRVWRCN1A4F8prSVTTZR719Q9Fa6KyOSiAEU=
github.com/opencoff/go-fasthash v0.0.0-20180406145558-aed761496075 h1:E6jK9PFTGb2trsAstgycRMavAki/W1NDF8aQ636Qf/k=
github.com/opencoff/go-fasthash v0.0.0-20180406145558-aed761496075/go.mod h1:MwRUIaK13/MmcsYPJVhMELsWvP1PQjTZeNn442GPpU4=
github.com/opencoff/golang-lru v0.6.0 h1:e5jyAHA4AJbohh8mmPB6JpTvZMVrnh3z5GFAqTADVm8=
github.com/opencoff/golang-lru v0.6.0/go.mod h1:Ll98eBFICVmenoj+uJfH+ReFgDMD+nuK9VshgMwDs80=
github.com/opencoff/pflag v0.2.0/go.mod h1:mTLzGGUGda1Av3d34iAJlh0JIlRxmFZtmc6qoWPspK0=
github.com/pmezard/go-difflib v1.0.0 h1:4DBwDE0NGyQoBHbLQYPwSUPoCMWR5BEzIk/f1lZbAQM=
github.com/pmezard/go-difflib v1.0.0/go.mod h1:iKH77koFhYxTK1pcRnkKkqfTogsbg7gZNVY4sRDYZ/4=
github.com/siongui/go-succinct-data-structure-trie v0.0.0-20210926213055-1e96df0b792f h1:TywJ0HXb+GH70Uy9A67ls9Y1vGPxUrGLz/6TGvUGa+Y=
github.com/siongui/go-succinct-data-structure-trie v0.0.0-20210926213055-1e96df0b792f/go.mod h1:wvL7jTvTEq+YDI1Csf/nEUMoidzZhtmYaLCbQl2rQ6Q=
github.com/smarty/assertions v1.15.0 h1:cR//PqUBUiQRakZWqBiFFQ9wb8emQGDb0HeGdqGByCY=
github.com/smarty/assertions v1.15.0/go.mod h1:yABtdzeQs6l1brC900WlRNwj6ZR55d7B+E8C6HtKdec=
github.com/smartystreets/goconvey v1.8.1 h1:qGjIddxOk4grTu9JPOU31tVfq3cNdBlNa5sSznIX1xY=
github.com/smartystreets/goconvey v1.8.1/go.mod h1:+/u4qLyY6x1jReYOp7GOM2FSt8aP9CzCZL03bI28W60=
github.com/stretchr/objx v0.1.0/go.mod h1:HFkY916IF+rwdDfMAkV7OtwuqBVzrE8GR6GFx+wExME=
github.com/stretchr/testify v1.4.0/go.mod h1:j7eGeouHqKxXV5pUuKE4zz7dFj8WfuZ+81PSLYec5m4=
github.com/stretchr/testify v1.8.4 h1:CcVxjf3Q8PM0mHUKJCdn+eZZtm5yQwehR5yeSVQQcUk=
github.com/stretchr/testify v1.8.4/go.mod h1:sz/lmYIOXD/1dqDmKjjqLyZ2RngseejIcXlSw2iwfAo=
github.com/ugorji/go/codec v1.3.1 h1:waO7eEiFDwidsBN6agj1vJQ4AG7lh2yqXyOXqhgQuyY=
github.com/ugorji/go/codec v1.3.1/go.mod h1:pRBVtBSKl77K30Bv8R2P+cLSGaTtex6fsA2Wjqmfxj4=
github.com/zeebo/assert v1.3.0 h1:g7C04CbJuIDKNPFHmsk4hwZDO5O+kntRxzaUoNXj+IQ=
github.com/zeebo/assert v1.3.0/go.mod h1:Pq9JiuJQpG8JLJdtkwrJESF0Foym2/D9XMU5ciN/wJ0=
github.com/zeebo/xxh3 v1.0.2 h1:xZmwmqxHZA8AI603jOQ0tMqmBr9lPeFwGg6d+xy9DC0=
github.com/zeebo/xxh3 v1.0.2/go.mod h1:5NWz9Sef7zIDm2JHfFlcQvNekmcEl9ekUZQQKCYaDcA=
golang.org/x/exp v0.0.0-20221110155412-d0897a79cd37 h1:wKMvZzBFHbOCGvF2OmxR5Fqv/jDlkt7slnPz5ejEU8A=
golang.org/x/exp v0.0.0-20221110155412-d0897a79cd37/go.mod h1:CxIveKay+FTh1D0yPZemJVgC/95VzuuOLq5Qi4xnoYc=
golang.org/x/sys v0.0.0-20220704084225-05e143d24a9e/go.mod h1:oPkhp1MJrh7nUepCBck5+mAzfO9JrbApNNgaTdGDITg=
golang.org/x/sys v0.6.0 h1:MVltZSvRTcU2ljQOhs94SXPftV6DCNnZViHeQps87pQ=
golang.org/x/sys v0.6.0/go.mod h1:oPkhp1MJrh7nUepCBck5+mAzfO9JrbApNNgaTdGDITg=
gopkg.in/check.v1 v0.0.0-20161208181325-20d25e280405 h1:yhCVgyC4o1eVCa2tZl7eS0r+SDo693bJlVdllGtEeKM=
gopkg.in/check.v1 v0.0.0-20161208181325-20d25e280405/go.mod h1:Co6ibVJAznAaIkqp8huTwlJQCZ016jof/cbN4VW5Yz0=
gopkg.in/yaml.v2 v2.2.2/go.mod h1:hI93XBmqTisBFMUTm0b8Fm+jr3Dg1NNxqwp+5A1VGuI=
gopkg.in/yaml.v3 v3.0.1 h1:fxVm/GzAzEWqLHuvctI91KS9hhNmmWOoWu0XTYJS7CA=
gopkg.in/yaml.v3 v3.0.1/go.mod h1:K4uyk7z7BCEPqu6E+C64Yfv1cQ7kz7rIZviUmN+EgEM=
