github.com/agnivade/pgm v0.0.0-20210528073050-e2df0d9cb72d h1:HBym5IKqeUtHu8QnvblhGJKjNAPhAQoi522eO80Bp1M=
github.com/agnivade/pgm v0.0.0-20210528073050-e2df0d9cb72d/go.mod h1:JU0YG39EbGJvO/IV/k167N1znGxyWHeWrsDjLsB3w1I=
github.com/bits-and-blooms/bitset v1.24.2 h1:M7/NzVbsytmtfHbumG+K2bremQPMJuqv1JD3vOaFxp0=
github.com/bits-and-blooms/bitset v1.24.2/go.mod h1:7hO7Gc7Pp1vODcmWvKMRA9BNmbv6a/7QIWpPxHddWR8=
github.com/bits-and-blooms/bloom/v3 v3.7.1 h1:WXovk4TRKZttAMJfoQx6K2DM0zNIt8w+c67UqO+etV0=
github.com/bits-and-blooms/bloom/v3 v3.7.1/go.mod h1:rZzYLLje2dfzXfAkJNxQQHsKurAyK55KUnL43Euk0hU=
github.com/davecgh/go-spew v1.1.1 h1:vj9j/u1bqnvCEfJOwUhtlOARqs3+rkHYY13jYWTU97c=
github.com/davecgh/go-spew v1.1.1/go.mod h1:J7Y8YcW2NihsgmVo/mv3lAwl/skON4iLHjSsI+c5H38=
github.com/dgryski/go-radixsort v0.0.0-20160202071813-8410589e3f15 h1:ZxLdGR45cHdfqkM0huU0vETDePMr3O2X+j6KSXDelCs=
github.com/dgryski/go-radixsort v0.0.0-20160202071813-8410589e3f15/go.mod h1:YFj/OrZ1cAR4inzOi7/VeAaWJHvYbFI+Ec+F19+duKA=
github.com/google/go-cmp v0.7.0 h1:wk8382ETsv4JYUZwIsn6YpYiWiBsYLSJiTsyBybVuN8=
github.com/google/go-cmp v0.7.0/go.mod h1:pXiqmnSA92OHEEa9HXL2W4E7lf9JzCmGVUdgjX3N/iU=
github.com/gopherjs/gopherjs v1.17.2 h1:fQnZVsXk8uxXIStYb0N4bGk7jeyTalG/wsZjQ25dO0g=
github.com/gopherjs/gopherjs v1.17.2/go.mod h1:pRRIvn/QzFLrKfvEz3qUuEhtE/zLCWfreZ6J5gM2i+k=
github.com/hillbig/rsdic v0.0.0-20150805052524-6158e7a2d824 h1:t71y5fcBE2nktZDXhTmPdZXrdFGBFAiHcOTTk0/+1to=
github.com/hillbig/rsdic v0.0.0-20150805052524-6158e7a2d824/go.mod h1:ivdNV4DsR3UB9xzoIPzw0OipHZf+I7VklGmx0jLkgwo=
github.com/jtolds/gls v4.20.0+incompatible h1:xdiiI2gbIgH/gLH7ADydsJ1uDOEzR8yvV7C0MuV77Wo=
github.com/jtolds/gls v4.20.0+incompatible/go.mod h1:QJZ7F/aHp+rZTRtaJ1ow/lLfFfVYBRgL+9YlvaHOwJU=
github.com/pmezard/go-difflib v1.0.0 h1:4DBwDE0NGyQoBHbLQYPwSUPoCMWR5BEzIk/f1lZbAQM=
github.com/pmezard/go-difflib v1.0.0/go.mod h1:iKH77koFhYxTK1pcRnkKkqfTogsbg7gZNVY4sRDYZ/4=
github.com/siongui/go-succinct-data-structure-trie v0.0.0-20210926213055-1e96df0b792f h1:TywJ0HXb+GH70Uy9A67ls9Y1vGPxUrGLz/6TGvUGa+Y=
github.com/siongui/go-succinct-data-structure-trie v0.0.0-20210926213055-1e96df0b792f/go.mod h1:wvL7jTvTEq+YDI1Csf/nEUMoidzZhtmYaLCbQl2rQ6Q=
github.com/smarty/assertions v1.15.0 h1:cR//PqUBUiQRakZWqBiFFQ9wb8emQGDb0HeGdqGByCY=
github.com/smarty/assertions v1.15.0/go.mod h1:yABtdzeQs6l1brC900WlRNwj6ZR55d7B+E8C6HtKdec=
github.com/smartystreets/goconvey v1.8.1 h1:qGjIddxOk4grTu9JPOU31tVfq3cNdBlNa5sSznIX1xY=
github.com/smartystreets/goconvey v1.8.1/go.mod h1:+/u4qLyY6x1jReYOp7GOM2FSt8aP9CzCZL03bI28W60=
github.com/stretchr/testify v1.9.0 h1:HtqpIVDClZ4nwg75+f6Lvsy/wHu+3BoSGCbBAcpTsTg=
github.com/stretchr/testify v1.9.0/go.mod h1:r2ic/lqez/lEtzL7wO/rwa5dbSLXVDPFyf8C91i36aY=
github.com/twmb/murmur3 v1.1.8 h1:8Yt9taO/WN3l08xErzjeschgZU2QSrwm1kclYq+0aRg=
github.com/twmb/murmur3 v1.1.8/go.mod h1:Qq/R7NUyOfr65zD+6Q5IHKsJLwP7exErjN6lyyq3OSQ=
github.com/ugorji/go/codec v1.3.1 h1:waO7eEiFDwidsBN6agj1vJQ4AG7lh2yqXyOXqhgQuyY=
github.com/ugorji/go/codec v1.3.1/go.mod h1:pRBVtBSKl77K30Bv8R2P+cLSGaTtex6fsA2Wjqmfxj4=
gopkg.in/check.v1 v0.0.0-20161208181325-20d25e280405 h1:yhCVgyC4o1eVCa2tZl7eS0r+SDo693bJlVdllGtEeKM=
gopkg.in/check.v1 v0.0.0-20161208181325-20d25e280405/go.mod h1:Co6ibVJAznAaIkqp8huTwlJQCZ016jof/cbN4VW5Yz0=
gopkg.in/yaml.v3 v3.0.1 h1:fxVm/GzAzEWqLHuvctI91KS9hhNmmWOoWu0XTYJS7CA=
gopkg.in/yaml.v3 v3.0.1/go.mod h1:K4uyk7z7BCEPqu6E+C64Yfv1cQ7kz7rIZviUmN+EgEM=
